{
  "name": "hanaworlds-workshop",
  "version": "0.1.0",
  "lockfileVersion": 3,
  "requires": true,
  "packages": {
    "": {
      "name": "hanaworlds-workshop",
      "version": "0.1.0",
      "license": "MIT",
      "dependencies": {
        "@deepseek-ai/dsh-session": "0.2.0-rc.2",
        "hanaworlds-contracts": "https://codeload.github.com/yzsnstotz/hanaworlds-contracts/tar.gz/e82735780bdfd4ea8e662781455040a6e5306121"
      },
      "engines": {
        "node": ">=24.13.1 <25"
      }
    },
    "node_modules/@deepseek-ai/cordis": {
      "version": "4.0.4",
      "resolved": "https://registry.npmjs.org/@deepseek-ai/cordis/-/cordis-4.0.4.tgz",
      "integrity": "sha512-obgyxqWAmFn3Re8kvsuUnyW+ihrz6eJCnJO4fh1cQzDtmPYz/zzVeUkH9R94I0OwSVOocK67Kgakm04j/oQXzg==",
      "license": "MIT",
      "peer": true,
      "dependencies": {
        "@deepseek-ai/cosmokit": "~1.8.5",
        "@standard-schema/spec": "^1.1.0"
      },
      "bin": {
        "cordis": "bin.js"
      },
      "peerDependencies": {
        "@deepseek-ai/cordis-plugin-include": "~1.0.9",
        "@deepseek-ai/cordis-plugin-loader": "~1.0.5"
      },
      "peerDependenciesMeta": {
        "@deepseek-ai/cordis-plugin-include": {
          "optional": true
        },
        "@deepseek-ai/cordis-plugin-loader": {
          "optional": true
        }
      }
    },
    "node_modules/@deepseek-ai/cosmokit": {
      "version": "1.8.5",
      "resolved": "https://registry.npmjs.org/@deepseek-ai/cosmokit/-/cosmokit-1.8.5.tgz",
      "integrity": "sha512-LXsrlem9z8dq4sLflj2yuCuYX7KqhdzF5hZly3eZyuTo8d6oDSOXuEgC5DbQWKW+lksm6zmOutQLsP/ma6wR6A==",
      "license": "MIT"
    },
    "node_modules/@deepseek-ai/dsh-brand": {
      "version": "0.2.0-rc.2",
      "resolved": "https://registry.npmjs.org/@deepseek-ai/dsh-brand/-/dsh-brand-0.2.0-rc.2.tgz",
      "integrity": "sha512-A5XlN4tIgP0qObkYFhcZ7Oz/tM2oESEZqLwS0Qq+sM1ivGx6o4AMPgJdfKQlwLzqk0cMLNtAaVBHfiYoElt4lw==",
      "license": "MIT",
      "peerDependencies": {
        "@deepseek-ai/cordis": "~4.0.4"
      }
    },
    "node_modules/@deepseek-ai/dsh-invariants": {
      "version": "0.2.0-rc.2",
      "resolved": "https://registry.npmjs.org/@deepseek-ai/dsh-invariants/-/dsh-invariants-0.2.0-rc.2.tgz",
      "integrity": "sha512-QOVc0HpRsS8ekvprb45FlxieDvgR/cAMaxW289HASjMoV/U/B54FpbkHuPBw4EnTw07/sPkjx2B/23+YqE0cbg==",
      "license": "MIT",
      "peer": true,
      "dependencies": {
        "@deepseek-ai/schemastery": "~3.18.4"
      },
      "peerDependencies": {
        "@deepseek-ai/cordis": "~4.0.4"
      }
    },
    "node_modules/@deepseek-ai/dsh-llm": {
      "version": "0.2.0-rc.2",
      "resolved": "https://registry.npmjs.org/@deepseek-ai/dsh-llm/-/dsh-llm-0.2.0-rc.2.tgz",
      "integrity": "sha512-6QFrQn/h0iNqCfPpgQidnHtLSpA99A7ZND/uYKaGSd/4BGP8KBhuRd0w63e9s4u+hfW8jc3j29WKcNLIOeUfcA==",
      "license": "MIT",
      "dependencies": {
        "@deepseek-ai/dsh-brand": "0.2.0-rc.2",
        "@deepseek-ai/dsh-timeout": "0.2.0-rc.2",
        "@deepseek-ai/dsh-typert-protocol": "0.2.0-rc.2",
        "@deepseek-ai/dsh-util-crypto": "0.2.0-rc.2",
        "@deepseek-ai/dsh-util-values": "0.2.0-rc.2",
        "@deepseek-ai/schemastery": "~3.18.4",
        "zod": "^4.4.3"
      },
      "peerDependencies": {
        "@deepseek-ai/cordis": "~4.0.4"
      }
    },
    "node_modules/@deepseek-ai/dsh-scope": {
      "version": "0.2.0-rc.2",
      "resolved": "https://registry.npmjs.org/@deepseek-ai/dsh-scope/-/dsh-scope-0.2.0-rc.2.tgz",
      "integrity": "sha512-066p7Wv74GNWt4xA5Cyvl+7c/i9KrNEDALYh2/hu0VsJPLb4T9He+TY7y1bld9OgungmqyTy1n/cB2ZrVskvxA==",
      "license": "MIT",
      "peer": true,
      "peerDependencies": {
        "@deepseek-ai/cordis": "~4.0.4",
        "@deepseek-ai/dsh-invariants": "0.2.0-rc.2"
      }
    },
    "node_modules/@deepseek-ai/dsh-session": {
      "version": "0.2.0-rc.2",
      "resolved": "https://registry.npmjs.org/@deepseek-ai/dsh-session/-/dsh-session-0.2.0-rc.2.tgz",
      "integrity": "sha512-wj+6MeqCYbDcbEvKH3puHyEGdjyu51JwBoN6Ua2tz6griLufDgLM5HpSU40L5xgpbOfrYVhXZs4vRgOrMlFY2g==",
      "license": "MIT",
      "dependencies": {
        "@deepseek-ai/dsh-brand": "0.2.0-rc.2",
        "@deepseek-ai/dsh-llm": "0.2.0-rc.2",
        "@deepseek-ai/dsh-util-values": "0.2.0-rc.2"
      },
      "peerDependencies": {
        "@deepseek-ai/cordis": "~4.0.4",
        "@deepseek-ai/dsh-scope": "0.2.0-rc.2"
      }
    },
    "node_modules/@deepseek-ai/dsh-timeout": {
      "version": "0.2.0-rc.2",
      "resolved": "https://registry.npmjs.org/@deepseek-ai/dsh-timeout/-/dsh-timeout-0.2.0-rc.2.tgz",
      "integrity": "sha512-NDob8b8DJDB/sDPz3P7xhrkxOh1O9FbN1EZRKsxP4fuTfp4hrQU7aekYS5qZENFKoR8dBJMTh/zcEBw4m31glQ==",
      "license": "MIT",
      "peerDependencies": {
        "@deepseek-ai/cordis": "~4.0.4"
      }
    },
    "node_modules/@deepseek-ai/dsh-typert-protocol": {
      "version": "0.2.0-rc.2",
      "resolved": "https://registry.npmjs.org/@deepseek-ai/dsh-typert-protocol/-/dsh-typert-protocol-0.2.0-rc.2.tgz",
      "integrity": "sha512-95RvIDcVac2BWdv1IxN6yKlRV+8eEvkofqSxV+d0r8x1kx2EIWEsbdxz6C+coYIm+8e03MiN+rwOt8J7sLfe7Q==",
      "license": "MIT",
      "dependencies": {
        "@deepseek-ai/dsh-brand": "0.2.0-rc.2"
      },
      "peerDependencies": {
        "@deepseek-ai/cordis": "~4.0.4"
      }
    },
    "node_modules/@deepseek-ai/dsh-util-crypto": {
      "version": "0.2.0-rc.2",
      "resolved": "https://registry.npmjs.org/@deepseek-ai/dsh-util-crypto/-/dsh-util-crypto-0.2.0-rc.2.tgz",
      "integrity": "sha512-5OvvmepY69uXTagUMlnoHqg7euI4ZMifLgfdV8xZO20OslWGGiRCkJbZRyDtcJG9GsXWz9UimfWmUu52zKXJ5w==",
      "license": "MIT",
      "peerDependencies": {
        "@deepseek-ai/cordis": "~4.0.4"
      }
    },
    "node_modules/@deepseek-ai/dsh-util-values": {
      "version": "0.2.0-rc.2",
      "resolved": "https://registry.npmjs.org/@deepseek-ai/dsh-util-values/-/dsh-util-values-0.2.0-rc.2.tgz",
      "integrity": "sha512-qgpsbgiZABuE9UvgNaVo9b2HiWwLeU93CTl9PFXqE0jN8ap1ALxzQsLGvr/q2MJuWDYqnFBg60XnqnY8ZxPWEg==",
      "license": "MIT",
      "peerDependencies": {
        "@deepseek-ai/cordis": "~4.0.4"
      }
    },
    "node_modules/@deepseek-ai/schemastery": {
      "version": "3.18.4",
      "resolved": "https://registry.npmjs.org/@deepseek-ai/schemastery/-/schemastery-3.18.4.tgz",
      "integrity": "sha512-SSXO6tYuyrIqKVbmOnIq0s+riUywYzouFMcnBluHF9n4KMo2G8HvEzhCYj6pj2617/glOjbJuVInJ9hfONsjkg==",
      "license": "MIT",
      "dependencies": {
        "@deepseek-ai/cosmokit": "~1.8.5",
        "@standard-schema/spec": "^1.1.0"
      }
    },
    "node_modules/@standard-schema/spec": {
      "version": "1.1.0",
      "resolved": "https://registry.npmjs.org/@standard-schema/spec/-/spec-1.1.0.tgz",
      "integrity": "sha512-l2aFy5jALhniG5HgqrD6jXLi/rUWrKvqN/qJx6yoJsgKhblVd+iqqU4RCXavm/jPityDo5TCvKMnpjKnOriy0w==",
      "license": "MIT"
    },
    "node_modules/canonicalize": {
      "version": "5.1.0",
      "resolved": "https://registry.npmjs.org/canonicalize/-/canonicalize-5.1.0.tgz",
      "integrity": "sha512-bab9+WefZljqQ8jT0qRwVmTyzAUU63K97QIQD3agynIBrb6sa5M2eAy8Hv8K3p4V9+ONVYZKtGYl4Dg+/5Gumw==",
      "license": "Apache-2.0",
      "bin": {
        "canonicalize": "bin/canonicalize.js"
      },
      "engines": {
        "node": ">=22"
      }
    },
    "node_modules/hanaworlds-contracts": {
      "version": "0.3.0",
      "resolved": "https://codeload.github.com/yzsnstotz/hanaworlds-contracts/tar.gz/e82735780bdfd4ea8e662781455040a6e5306121",
      "integrity": "sha512-cXm6QyiFBN/F9tpnr25iDqaQjNCrRehxUpOofKQRm5Ib7PK32ZpPoSsRa6SZN+ZPkoX2YS1rdBjnhZ714y9FsA==",
      "license": "MIT",
      "dependencies": {
        "canonicalize": "5.1.0"
      },
      "engines": {
        "node": ">=22.0.0"
      }
    },
    "node_modules/zod": {
      "version": "4.6.5",
      "resolved": "https://registry.npmjs.org/zod/-/zod-4.6.5.tgz",
      "integrity": "sha512-v5l/aFXZQeai4awLbOpSoHecE9UiMrnfx75tEXLjNonXVARxQ5mOeipTjROUchszUNCqnE+hqAMujRsRHsut2Q==",
      "license": "MIT",
      "funding": {
        "url": "https://github.com/sponsors/colinhacks"
      }
    }
  }
}
